
Microsoft Visual Studio Solution File, Format Version 12.00
# Visual Studio Version 16
VisualStudioVersion = 16.0.29102.190
MinimumVisualStudioVersion = 10.0.40219.1
Project("{9A19103F-16F7-4668-BE54-9A1E7A4F7556}") = "InventoryStock", "InventoryStock\InventoryStock.csproj", "{14E787FB-49BF-4CB9-ADD6-1DA596F6C791}"
EndProject
Project("{FAE04EC0-301F-11D3-BF4B-00C04F79EFBC}") = "XUnitTestProject1", "XUnitTestProject1\XUnitTestProject1.csproj", "{7C29C813-7861-414C-903D-0DC0D7CC062E}"
EndProject
Global
	GlobalSection(SolutionConfigurationPlatforms) = preSolution
		Debug|Any CPU = Debug|Any CPU
		Release|Any CPU = Release|Any CPU
	EndGlobalSection
	GlobalSection(ProjectConfigurationPlatforms) = postSolution
		{14E787FB-49BF-4CB9-ADD6-1DA596F6C791}.Debug|Any CPU.ActiveCfg = Debug|Any CPU
		{14E787FB-49BF-4CB9-ADD6-1DA596F6C791}.Debug|Any CPU.Build.0 = Debug|Any CPU
		{14E787FB-49BF-4CB9-ADD6-1DA596F6C791}.Release|Any CPU.ActiveCfg = Release|Any CPU
		{14E787FB-49BF-4CB9-ADD6-1DA596F6C791}.Release|Any CPU.Build.0 = Release|Any CPU
		{7C29C813-7861-414C-903D-0DC0D7CC062E}.Debug|Any CPU.ActiveCfg = Debug|Any CPU
		{7C29C813-7861-414C-903D-0DC0D7CC062E}.Debug|Any CPU.Build.0 = Debug|Any CPU
		{7C29C813-7861-414C-903D-0DC0D7CC062E}.Release|Any CPU.ActiveCfg = Release|Any CPU
		{7C29C813-7861-414C-903D-0DC0D7CC062E}.Release|Any CPU.Build.0 = Release|Any CPU
	EndGlobalSection
	GlobalSection(SolutionProperties) = preSolution
		HideSolutionNode = FALSE
	EndGlobalSection
	GlobalSection(ExtensibilityGlobals) = postSolution
		SolutionGuid = {7A601844-50E7-4226-A73C-DE14378633BE}
	EndGlobalSection
EndGlobal
